{
  "name": "Front-End",
  "lockfileVersion": 3,
  "requires": true,
  "packages": {
    "": {
      "dependencies": {
        "mathjs": "^14.5.2",
        "mathsteps": "^0.2.0"
      }
    },
    "node_modules/@babel/runtime": {
      "version": "7.27.6",
      "resolved": "https://registry.npmjs.org/@babel/runtime/-/runtime-7.27.6.tgz",
      "integrity": "sha512-vbavdySgbTTrmFE+EsiqUTzlOr5bzlnJtUv9PynGCAKvfQqjIXbvFdumPM/GxMDfyuGMJaJAU6TO4zc1Jf1i8Q==",
      "engines": {
        "node": ">=6.9.0"
      }
    },
    "node_modules/complex.js": {
      "version": "2.4.2",
      "resolved": "https://registry.npmjs.org/complex.js/-/complex.js-2.4.2.tgz",
      "integrity": "sha512-qtx7HRhPGSCBtGiST4/WGHuW+zeaND/6Ld+db6PbrulIB1i2Ev/2UPiqcmpQNPSyfBKraC0EOvOKCB5dGZKt3g==",
      "engines": {
        "node": "*"
      },
      "funding": {
        "type": "github",
        "url": "https://github.com/sponsors/rawify"
      }
    },
    "node_modules/decimal.js": {
      "version": "10.5.0",
      "resolved": "https://registry.npmjs.org/decimal.js/-/decimal.js-10.5.0.tgz",
      "integrity": "sha512-8vDa8Qxvr/+d94hSh5P3IJwI5t8/c0KsMp+g8bNw9cY2icONa5aPfvKeieW1WlG0WQYwwhJ7mjui2xtiePQSXw=="
    },
    "node_modules/escape-latex": {
      "version": "1.2.0",
      "resolved": "https://registry.npmjs.org/escape-latex/-/escape-latex-1.2.0.tgz",
      "integrity": "sha512-nV5aVWW1K0wEiUIEdZ4erkGGH8mDxGyxSeqPzRNtWP7ataw+/olFObw7hujFWlVjNsaDFw5VZ5NzVSIqRgfTiw=="
    },
    "node_modules/fraction.js": {
      "version": "5.2.2",
      "resolved": "https://registry.npmjs.org/fraction.js/-/fraction.js-5.2.2.tgz",
      "integrity": "sha512-uXBDv5knpYmv/2gLzWQ5mBHGBRk9wcKTeWu6GLTUEQfjCxO09uM/mHDrojlL+Q1mVGIIFo149Gba7od1XPgSzQ==",
      "engines": {
        "node": ">= 12"
      },
      "funding": {
        "type": "github",
        "url": "https://github.com/sponsors/rawify"
      }
    },
    "node_modules/javascript-natural-sort": {
      "version": "0.7.1",
      "resolved": "https://registry.npmjs.org/javascript-natural-sort/-/javascript-natural-sort-0.7.1.tgz",
      "integrity": "sha512-nO6jcEfZWQXDhOiBtG2KvKyEptz7RVbpGP4vTD2hLBdmNQSsCiicO2Ioinv6UI4y9ukqnBpy+XZ9H6uLNgJTlw=="
    },
    "node_modules/mathjs": {
      "version": "14.5.2",
      "resolved": "https://registry.npmjs.org/mathjs/-/mathjs-14.5.2.tgz",
      "integrity": "sha512-51U6hp7j4M4Rj+l+q2KbmXAV9EhQVQzUdw1wE67RnUkKKq5ibxdrl9Ky2YkSUEIc2+VU8/IsThZNu6QSHUoyTA==",
      "dependencies": {
        "@babel/runtime": "^7.26.10",
        "complex.js": "^2.2.5",
        "decimal.js": "^10.4.3",
        "escape-latex": "^1.2.0",
        "fraction.js": "^5.2.1",
        "javascript-natural-sort": "^0.7.1",
        "seedrandom": "^3.0.5",
        "tiny-emitter": "^2.1.0",
        "typed-function": "^4.2.1"
      },
      "bin": {
        "mathjs": "bin/cli.js"
      },
      "engines": {
        "node": ">= 18"
      }
    },
    "node_modules/mathsteps": {
      "version": "0.2.0",
      "resolved": "https://registry.npmjs.org/mathsteps/-/mathsteps-0.2.0.tgz",
      "integrity": "sha512-x/BBVJ7n+RsUj4EOcKuCBCvrQWWvP8i6v5x8nr73qYU8yph6LZWT1ELPKnnUDEEqxe6lrncQB7HacknStMJJ5g==",
      "dependencies": {
        "mathjs": "3.11.2"
      },
      "engines": {
        "node": ">=6.0.0"
      }
    },
    "node_modules/mathsteps/node_modules/complex.js": {
      "version": "2.0.1",
      "resolved": "https://registry.npmjs.org/complex.js/-/complex.js-2.0.1.tgz",
      "integrity": "sha512-zu2kFxCi8x66budGAEfHcLk0+dcT4EdtiwJ9oIFrvDq8ARJ4T4F3hC0qXc5tn+FzIOYaEOZfO6ew6t6wmGfwpg==",
      "engines": {
        "node": "*"
      }
    },
    "node_modules/mathsteps/node_modules/decimal.js": {
      "version": "7.1.1",
      "resolved": "https://registry.npmjs.org/decimal.js/-/decimal.js-7.1.1.tgz",
      "integrity": "sha512-JAYTBScouq/tbesTv17VT4/Zf4kOguK6LRp9lK8IasQpzC1u4X5z+fNIasI3Le+kBXpo83hyTp6asVgTHIDlGw=="
    },
    "node_modules/mathsteps/node_modules/fraction.js": {
      "version": "4.0.0",
      "resolved": "https://registry.npmjs.org/fraction.js/-/fraction.js-4.0.0.tgz",
      "integrity": "sha512-VFj4e6g5arfi1iH4YOHao6Aq8ZB9e+R4mW8dUZA0qeLqVQWKMc4+4N/U1eTWPuddMsXd0MjwGRFRzBW2G7msBA==",
      "engines": {
        "node": "*"
      }
    },
    "node_modules/mathsteps/node_modules/mathjs": {
      "version": "3.11.2",
      "resolved": "https://registry.npmjs.org/mathjs/-/mathjs-3.11.2.tgz",
      "integrity": "sha512-usttjbeFeA+ubBzc8KIIzDQyAbnBAXvQ9ZPZc7LYLZ1Blji7FaKdW+ATnSO5HIuCdybbII6zsGnen68FT026Gw==",
      "dependencies": {
        "complex.js": "2.0.1",
        "decimal.js": "7.1.1",
        "fraction.js": "4.0.0",
        "seed-random": "2.2.0",
        "tiny-emitter": "1.0.2",
        "typed-function": "0.10.5"
      },
      "bin": {
        "mathjs": "bin/cli.js"
      },
      "engines": {
        "node": ">= 0.1"
      }
    },
    "node_modules/mathsteps/node_modules/tiny-emitter": {
      "version": "1.0.2",
      "resolved": "https://registry.npmjs.org/tiny-emitter/-/tiny-emitter-1.0.2.tgz",
      "integrity": "sha512-y87VH5ncX+MzK2rqEF6v7Ad8gOdQDV1jiFT5bXUrWGBTFN9EFLrvufpWryNipgFDCzQ4fTOTPUCZGLYoQ2D9UA=="
    },
    "node_modules/mathsteps/node_modules/typed-function": {
      "version": "0.10.5",
      "resolved": "https://registry.npmjs.org/typed-function/-/typed-function-0.10.5.tgz",
      "integrity": "sha512-5BI8zKF/aZhsXJJKcRvcOuDCzBVY4R08Ok8ilRWHpQ5Np+LwzWeGzaIUNUw++d19Vvv8iqzvaN9/h5WDdY8cmg==",
      "engines": {
        "node": ">= 0.10"
      }
    },
    "node_modules/seed-random": {
      "version": "2.2.0",
      "resolved": "https://registry.npmjs.org/seed-random/-/seed-random-2.2.0.tgz",
      "integrity": "sha512-34EQV6AAHQGhoc0tn/96a9Fsi6v2xdqe/dMUwljGRaFOzR3EgRmECvD0O8vi8X+/uQ50LGHfkNu/Eue5TPKZkQ=="
    },
    "node_modules/seedrandom": {
      "version": "3.0.5",
      "resolved": "https://registry.npmjs.org/seedrandom/-/seedrandom-3.0.5.tgz",
      "integrity": "sha512-8OwmbklUNzwezjGInmZ+2clQmExQPvomqjL7LFqOYqtmuxRgQYqOD3mHaU+MvZn5FLUeVxVfQjwLZW/n/JFuqg=="
    },
    "node_modules/tiny-emitter": {
      "version": "2.1.0",
      "resolved": "https://registry.npmjs.org/tiny-emitter/-/tiny-emitter-2.1.0.tgz",
      "integrity": "sha512-NB6Dk1A9xgQPMoGqC5CVXn123gWyte215ONT5Pp5a0yt4nlEoO1ZWeCwpncaekPHXO60i47ihFnZPiRPjRMq4Q=="
    },
    "node_modules/typed-function": {
      "version": "4.2.1",
      "resolved": "https://registry.npmjs.org/typed-function/-/typed-function-4.2.1.tgz",
      "integrity": "sha512-EGjWssW7Tsk4DGfE+5yluuljS1OGYWiI1J6e8puZz9nTMM51Oug8CD5Zo4gWMsOhq5BI+1bF+rWTm4Vbj3ivRA==",
      "engines": {
        "node": ">= 18"
      }
    }
  }
}
